
Microsoft Visual Studio Solution File, Format Version 12.00
# Visual Studio 15
VisualStudioVersion = 15.0.27703.2035
MinimumVisualStudioVersion = 10.0.40219.1
Project("{FAE04EC0-301F-11D3-BF4B-00C04F79EFBC}") = "CukAutomationServices", "CukAutomationServices\CukAutomationServices.csproj", "{FC78DB80-8F33-4CF7-BAE8-F4B338342160}"
EndProject
Project("{FAE04EC0-301F-11D3-BF4B-00C04F79EFBC}") = "CukAutomationOperations", "CukAutomationOperations\CukAutomationOperations.csproj", "{02C2D176-D9DF-4BE9-9401-AD4F922FCC7F}"
EndProject
Global
	GlobalSection(SolutionConfigurationPlatforms) = preSolution
		Debug|Any CPU = Debug|Any CPU
		Release|Any CPU = Release|Any CPU
	EndGlobalSection
	GlobalSection(ProjectConfigurationPlatforms) = postSolution
		{FC78DB80-8F33-4CF7-BAE8-F4B338342160}.Debug|Any CPU.ActiveCfg = Debug|Any CPU
		{FC78DB80-8F33-4CF7-BAE8-F4B338342160}.Debug|Any CPU.Build.0 = Debug|Any CPU
		{FC78DB80-8F33-4CF7-BAE8-F4B338342160}.Release|Any CPU.ActiveCfg = Release|Any CPU
		{FC78DB80-8F33-4CF7-BAE8-F4B338342160}.Release|Any CPU.Build.0 = Release|Any CPU
		{02C2D176-D9DF-4BE9-9401-AD4F922FCC7F}.Debug|Any CPU.ActiveCfg = Debug|Any CPU
		{02C2D176-D9DF-4BE9-9401-AD4F922FCC7F}.Debug|Any CPU.Build.0 = Debug|Any CPU
		{02C2D176-D9DF-4BE9-9401-AD4F922FCC7F}.Release|Any CPU.ActiveCfg = Release|Any CPU
		{02C2D176-D9DF-4BE9-9401-AD4F922FCC7F}.Release|Any CPU.Build.0 = Release|Any CPU
	EndGlobalSection
	GlobalSection(SolutionProperties) = preSolution
		HideSolutionNode = FALSE
	EndGlobalSection
	GlobalSection(ExtensibilityGlobals) = postSolution
		SolutionGuid = {E5DE2844-33AC-4851-A369-495FD3FF3A19}
	EndGlobalSection
EndGlobal
